
Microsoft Visual Studio Solution File, Format Version 12.00
# Visual Studio Version 17
VisualStudioVersion = 17.9.34728.123
MinimumVisualStudioVersion = 10.0.40219.1
Project("{9A19103F-16F7-4668-BE54-9A1E7A4F7556}") = "CourseProvider", "CourseProvider\CourseProvider.csproj", "{1F9DF40B-2F71-42C0-96B6-D9E41969B51B}"
EndProject
Project("{9A19103F-16F7-4668-BE54-9A1E7A4F7556}") = "Infrastructure", "Infrastructure\Infrastructure.csproj", "{A12D4E78-1E33-4D6A-B729-CA4F307DFA50}"
EndProject
Global
	GlobalSection(SolutionConfigurationPlatforms) = preSolution
		Debug|Any CPU = Debug|Any CPU
		Release|Any CPU = Release|Any CPU
	EndGlobalSection
	GlobalSection(ProjectConfigurationPlatforms) = postSolution
		{1F9DF40B-2F71-42C0-96B6-D9E41969B51B}.Debug|Any CPU.ActiveCfg = Debug|Any CPU
		{1F9DF40B-2F71-42C0-96B6-D9E41969B51B}.Debug|Any CPU.Build.0 = Debug|Any CPU
		{1F9DF40B-2F71-42C0-96B6-D9E41969B51B}.Release|Any CPU.ActiveCfg = Release|Any CPU
		{1F9DF40B-2F71-42C0-96B6-D9E41969B51B}.Release|Any CPU.Build.0 = Release|Any CPU
		{A12D4E78-1E33-4D6A-B729-CA4F307DFA50}.Debug|Any CPU.ActiveCfg = Debug|Any CPU
		{A12D4E78-1E33-4D6A-B729-CA4F307DFA50}.Debug|Any CPU.Build.0 = Debug|Any CPU
		{A12D4E78-1E33-4D6A-B729-CA4F307DFA50}.Release|Any CPU.ActiveCfg = Release|Any CPU
		{A12D4E78-1E33-4D6A-B729-CA4F307DFA50}.Release|Any CPU.Build.0 = Release|Any CPU
	EndGlobalSection
	GlobalSection(SolutionProperties) = preSolution
		HideSolutionNode = FALSE
	EndGlobalSection
	GlobalSection(ExtensibilityGlobals) = postSolution
		SolutionGuid = {14FB2558-29C7-4920-AF03-7D171FC4138F}
	EndGlobalSection
EndGlobal
